
Microsoft Visual Studio Solution File, Format Version 12.00
# Visual Studio 14
VisualStudioVersion = 14.0.25420.1
MinimumVisualStudioVersion = 10.0.40219.1
Project("{FAE04EC0-301F-11D3-BF4B-00C04F79EFBC}") = "Higi_UI", "Higi_UI\Higi_UI.csproj", "{FE15527B-9B75-4771-9C2E-4917F9E680BC}"
EndProject
Project("{00D1A9C2-B5F0-4AF3-8072-F6C62B433612}") = "dbo", "dbo\dbo.sqlproj", "{9A960FC9-0FCB-4798-BD31-B62830055B57}"
EndProject
Global
	GlobalSection(SolutionConfigurationPlatforms) = preSolution
		Debug|Any CPU = Debug|Any CPU
		Release|Any CPU = Release|Any CPU
	EndGlobalSection
	GlobalSection(ProjectConfigurationPlatforms) = postSolution
		{FE15527B-9B75-4771-9C2E-4917F9E680BC}.Debug|Any CPU.ActiveCfg = Debug|Any CPU
		{FE15527B-9B75-4771-9C2E-4917F9E680BC}.Debug|Any CPU.Build.0 = Debug|Any CPU
		{FE15527B-9B75-4771-9C2E-4917F9E680BC}.Release|Any CPU.ActiveCfg = Release|Any CPU
		{FE15527B-9B75-4771-9C2E-4917F9E680BC}.Release|Any CPU.Build.0 = Release|Any CPU
		{9A960FC9-0FCB-4798-BD31-B62830055B57}.Debug|Any CPU.ActiveCfg = Debug|Any CPU
		{9A960FC9-0FCB-4798-BD31-B62830055B57}.Debug|Any CPU.Build.0 = Debug|Any CPU
		{9A960FC9-0FCB-4798-BD31-B62830055B57}.Debug|Any CPU.Deploy.0 = Debug|Any CPU
		{9A960FC9-0FCB-4798-BD31-B62830055B57}.Release|Any CPU.ActiveCfg = Release|Any CPU
		{9A960FC9-0FCB-4798-BD31-B62830055B57}.Release|Any CPU.Build.0 = Release|Any CPU
		{9A960FC9-0FCB-4798-BD31-B62830055B57}.Release|Any CPU.Deploy.0 = Release|Any CPU
	EndGlobalSection
	GlobalSection(SolutionProperties) = preSolution
		HideSolutionNode = FALSE
	EndGlobalSection
EndGlobal
